
Microsoft Visual Studio Solution File, Format Version 12.00
# Visual Studio Version 16
VisualStudioVersion = 16.0.31005.135
MinimumVisualStudioVersion = 10.0.40219.1
Project("{FAE04EC0-301F-11D3-BF4B-00C04F79EFBC}") = "EmployeeAss", "EmployeeAss\EmployeeAss.csproj", "{C529EC6C-1B67-432B-8D43-7B51D12CB0F2}"
EndProject
Global
	GlobalSection(SolutionConfigurationPlatforms) = preSolution
		Debug|Any CPU = Debug|Any CPU
		Release|Any CPU = Release|Any CPU
	EndGlobalSection
	GlobalSection(ProjectConfigurationPlatforms) = postSolution
		{C529EC6C-1B67-432B-8D43-7B51D12CB0F2}.Debug|Any CPU.ActiveCfg = Debug|Any CPU
		{C529EC6C-1B67-432B-8D43-7B51D12CB0F2}.Debug|Any CPU.Build.0 = Debug|Any CPU
		{C529EC6C-1B67-432B-8D43-7B51D12CB0F2}.Release|Any CPU.ActiveCfg = Release|Any CPU
		{C529EC6C-1B67-432B-8D43-7B51D12CB0F2}.Release|Any CPU.Build.0 = Release|Any CPU
	EndGlobalSection
	GlobalSection(SolutionProperties) = preSolution
		HideSolutionNode = FALSE
	EndGlobalSection
	GlobalSection(ExtensibilityGlobals) = postSolution
		SolutionGuid = {DA91EEF4-A5FE-4B23-A1BF-2B2669381383}
	EndGlobalSection
EndGlobal
